<?xml version="1.0" encoding="utf-8"?>
<Project ToolsVersion="4.0" xmlns="http://schemas.microsoft.com/developer/msbuild/2003">
  <ItemGroup>
    <Filter Include="Исходные файлы">
      <UniqueIdentifier>{4FC737F1-C7A5-4376-A066-2A32D752A2FF}</UniqueIdentifier>
      <Extensions>cpp;c;cc;cxx;def;odl;idl;hpj;bat;asm;asmx</Extensions>
    </Filter>
    <Filter Include="Файлы заголовков">
      <UniqueIdentifier>{93995380-89BD-4b04-88EB-625FBE52EBFB}</UniqueIdentifier>
      <Extensions>h;hh;hpp;hxx;hm;inl;inc;ipp;xsd</Extensions>
    </Filter>
    <Filter Include="Файлы ресурсов">
      <UniqueIdentifier>{67DA6AB6-F800-4c08-8B7A-83BB121AAD01}</UniqueIdentifier>
      <Extensions>rc;ico;cur;bmp;dlg;rc2;rct;bin;rgs;gif;jpg;jpeg;jpe;resx;tiff;tif;png;wav;mfcribbon-ms</Extensions>
    </Filter>
    <Filter Include="Файлы заголовков\Filters">
      <UniqueIdentifier>{10a00d64-1aef-4d96-bae3-dd0ebb368a64}</UniqueIdentifier>
    </Filter>
    <Filter Include="Исходные файлы\Filters">
      <UniqueIdentifier>{2ec4c6ac-63e9-4e32-9271-ca090505d0d6}</UniqueIdentifier>
    </Filter>
  </ItemGroup>
  <ItemGroup>
    <ClCompile Include="GPGPU test.cpp">
      <Filter>Исходные файлы</Filter>
    </ClCompile>
    <ClCompile Include="clDevice.cpp">
      <Filter>Исходные файлы</Filter>
    </ClCompile>
    <ClCompile Include="fractalImageCompression.cpp">
      <Filter>Исходные файлы\Filters</Filter>
    </ClCompile>
    <ClCompile Include="InverseFilter.cpp">
      <Filter>Исходные файлы\Filters</Filter>
    </ClCompile>
    <ClCompile Include="MakeNoise.cpp">
      <Filter>Исходные файлы\Filters</Filter>
    </ClCompile>
    <ClCompile Include="OpenCV.cpp">
      <Filter>Исходные файлы\Filters</Filter>
    </ClCompile>
    <ClCompile Include="Wiener_filter.cpp">
      <Filter>Исходные файлы\Filters</Filter>
    </ClCompile>
    <ClCompile Include="Load_Save_Images.cpp">
      <Filter>Исходные файлы</Filter>
    </ClCompile>
    <ClCompile Include="cpuDevice.cpp">
      <Filter>Исходные файлы</Filter>
    </ClCompile>
    <ClCompile Include="Image_Stabilization.cpp">
      <Filter>Исходные файлы</Filter>
    </ClCompile>
    <ClCompile Include="glDevice.cpp">
      <Filter>Исходные файлы</Filter>
    </ClCompile>
    <ClCompile Include="WinAPI.cpp">
      <Filter>Исходные файлы</Filter>
    </ClCompile>
  </ItemGroup>
  <ItemGroup>
    <ClInclude Include="clDevice.h">
      <Filter>Файлы заголовков</Filter>
    </ClInclude>
    <ClInclude Include="fractalImageCompression.h">
      <Filter>Файлы заголовков\Filters</Filter>
    </ClInclude>
    <ClInclude Include="InverseFilter.h">
      <Filter>Файлы заголовков\Filters</Filter>
    </ClInclude>
    <ClInclude Include="MakeNoise.h">
      <Filter>Файлы заголовков\Filters</Filter>
    </ClInclude>
    <ClInclude Include="OpenCV.h">
      <Filter>Файлы заголовков\Filters</Filter>
    </ClInclude>
    <ClInclude Include="Wiener_filter.h">
      <Filter>Файлы заголовков\Filters</Filter>
    </ClInclude>
    <ClInclude Include="Load_Save_Images.h">
      <Filter>Файлы заголовков</Filter>
    </ClInclude>
    <ClInclude Include="cpuDevice.h">
      <Filter>Файлы заголовков</Filter>
    </ClInclude>
    <ClInclude Include="Image_Stabilization.h">
      <Filter>Файлы заголовков</Filter>
    </ClInclude>
    <ClInclude Include="glDevice.h">
      <Filter>Файлы заголовков</Filter>
    </ClInclude>
    <ClInclude Include="WinAPI.h">
      <Filter>Файлы заголовков</Filter>
    </ClInclude>
  </ItemGroup>
  <ItemGroup>
    <None Include="convolution.cl">
      <Filter>Файлы ресурсов</Filter>
    </None>
    <None Include="fourier_transform.cl">
      <Filter>Файлы ресурсов</Filter>
    </None>
    <None Include="filters.cl">
      <Filter>Файлы ресурсов</Filter>
    </None>
    <None Include="Fractal.cl">
      <Filter>Файлы ресурсов</Filter>
    </None>
    <None Include="image_stabilization.cl">
      <Filter>Файлы ресурсов</Filter>
    </None>
  </ItemGroup>
</Project>